
Microsoft Visual Studio Solution File, Format Version 12.00
# Visual Studio Version 17
VisualStudioVersion = 17.5.33424.131
MinimumVisualStudioVersion = 10.0.40219.1
Project("{FAE04EC0-301F-11D3-BF4B-00C04F79EFBC}") = "ECommerce.Api", "ECommerce.Api\ECommerce.Api.csproj", "{3CF38E4F-0422-493F-8B9B-02A998CD0250}"
EndProject
Project("{FAE04EC0-301F-11D3-BF4B-00C04F79EFBC}") = "ECommerce.Service", "ECommerce.Service\ECommerce.Service.csproj", "{FDE4AA37-7111-468D-8CEB-6CE132FBB573}"
EndProject
Project("{FAE04EC0-301F-11D3-BF4B-00C04F79EFBC}") = "ECommerce.Domain", "ECommerce.Domain\ECommerce.Domain.csproj", "{8C7CE30C-CF69-41C2-B189-31AF321A67E8}"
EndProject
Project("{FAE04EC0-301F-11D3-BF4B-00C04F79EFBC}") = "ECommerce.Infra", "ECommerce.Infra\ECommerce.Infra.csproj", "{899FDEB2-24D1-43A4-98A5-F4088BB1FF39}"
EndProject
Project("{2150E333-8FDC-42A3-9474-1A3956D46DE8}") = "test", "test", "{45353EEE-0251-46A2-8FFB-F05F9C847BB0}"
EndProject
Project("{FAE04EC0-301F-11D3-BF4B-00C04F79EFBC}") = "ECommerce.UnitTest", "tests\ECommerce.UnitTest\ECommerce.UnitTest.csproj", "{A12F3A94-765F-4D42-8C74-EC52FC1FBA64}"
EndProject
Global
	GlobalSection(SolutionConfigurationPlatforms) = preSolution
		Debug|Any CPU = Debug|Any CPU
		Release|Any CPU = Release|Any CPU
	EndGlobalSection
	GlobalSection(ProjectConfigurationPlatforms) = postSolution
		{3CF38E4F-0422-493F-8B9B-02A998CD0250}.Debug|Any CPU.ActiveCfg = Debug|Any CPU
		{3CF38E4F-0422-493F-8B9B-02A998CD0250}.Debug|Any CPU.Build.0 = Debug|Any CPU
		{3CF38E4F-0422-493F-8B9B-02A998CD0250}.Release|Any CPU.ActiveCfg = Release|Any CPU
		{3CF38E4F-0422-493F-8B9B-02A998CD0250}.Release|Any CPU.Build.0 = Release|Any CPU
		{FDE4AA37-7111-468D-8CEB-6CE132FBB573}.Debug|Any CPU.ActiveCfg = Debug|Any CPU
		{FDE4AA37-7111-468D-8CEB-6CE132FBB573}.Debug|Any CPU.Build.0 = Debug|Any CPU
		{FDE4AA37-7111-468D-8CEB-6CE132FBB573}.Release|Any CPU.ActiveCfg = Release|Any CPU
		{FDE4AA37-7111-468D-8CEB-6CE132FBB573}.Release|Any CPU.Build.0 = Release|Any CPU
		{8C7CE30C-CF69-41C2-B189-31AF321A67E8}.Debug|Any CPU.ActiveCfg = Debug|Any CPU
		{8C7CE30C-CF69-41C2-B189-31AF321A67E8}.Debug|Any CPU.Build.0 = Debug|Any CPU
		{8C7CE30C-CF69-41C2-B189-31AF321A67E8}.Release|Any CPU.ActiveCfg = Release|Any CPU
		{8C7CE30C-CF69-41C2-B189-31AF321A67E8}.Release|Any CPU.Build.0 = Release|Any CPU
		{899FDEB2-24D1-43A4-98A5-F4088BB1FF39}.Debug|Any CPU.ActiveCfg = Debug|Any CPU
		{899FDEB2-24D1-43A4-98A5-F4088BB1FF39}.Debug|Any CPU.Build.0 = Debug|Any CPU
		{899FDEB2-24D1-43A4-98A5-F4088BB1FF39}.Release|Any CPU.ActiveCfg = Release|Any CPU
		{899FDEB2-24D1-43A4-98A5-F4088BB1FF39}.Release|Any CPU.Build.0 = Release|Any CPU
		{A12F3A94-765F-4D42-8C74-EC52FC1FBA64}.Debug|Any CPU.ActiveCfg = Debug|Any CPU
		{A12F3A94-765F-4D42-8C74-EC52FC1FBA64}.Debug|Any CPU.Build.0 = Debug|Any CPU
		{A12F3A94-765F-4D42-8C74-EC52FC1FBA64}.Release|Any CPU.ActiveCfg = Release|Any CPU
		{A12F3A94-765F-4D42-8C74-EC52FC1FBA64}.Release|Any CPU.Build.0 = Release|Any CPU
	EndGlobalSection
	GlobalSection(SolutionProperties) = preSolution
		HideSolutionNode = FALSE
	EndGlobalSection
	GlobalSection(NestedProjects) = preSolution
		{A12F3A94-765F-4D42-8C74-EC52FC1FBA64} = {45353EEE-0251-46A2-8FFB-F05F9C847BB0}
	EndGlobalSection
	GlobalSection(ExtensibilityGlobals) = postSolution
		SolutionGuid = {214DEE6D-759E-406D-AC5F-5005A1379AC7}
	EndGlobalSection
EndGlobal
