
Microsoft Visual Studio Solution File, Format Version 12.00
# Visual Studio Version 17
VisualStudioVersion = 17.5.33424.131
MinimumVisualStudioVersion = 10.0.40219.1
Project("{9A19103F-16F7-4668-BE54-9A1E7A4F7556}") = "UnitTestUsingXUnit.Api", "UnitTestUsingXUnit.Api\UnitTestUsingXUnit.Api.csproj", "{65229843-D060-4B82-9460-F3EDE8C515F8}"
EndProject
Project("{9A19103F-16F7-4668-BE54-9A1E7A4F7556}") = "UnitTestUsingXUnit.DataAccess", "UnitTestUsingXUnit.DataAccess\UnitTestUsingXUnit.DataAccess.csproj", "{1BC93655-6D39-4E35-9C83-4A2346C266F0}"
EndProject
Project("{9A19103F-16F7-4668-BE54-9A1E7A4F7556}") = "UnitTestUsingXUnit.Business", "UnitTestUsingXUnit.Business\UnitTestUsingXUnit.Business.csproj", "{3C018A46-96AB-4C0A-A337-2A64E34F0CC9}"
EndProject
Project("{2150E333-8FDC-42A3-9474-1A3956D46DE8}") = "tests", "tests", "{A073B6A2-D602-403F-B149-2F9FE3F92E91}"
EndProject
Project("{FAE04EC0-301F-11D3-BF4B-00C04F79EFBC}") = "UnitTestUsingXUnit.Test", "UnitTestUsingXUnit.Test\UnitTestUsingXUnit.Test.csproj", "{22222D0A-D4ED-4B0A-9F28-00E8A1012B9C}"
EndProject
Global
	GlobalSection(SolutionConfigurationPlatforms) = preSolution
		Debug|Any CPU = Debug|Any CPU
		Release|Any CPU = Release|Any CPU
	EndGlobalSection
	GlobalSection(ProjectConfigurationPlatforms) = postSolution
		{65229843-D060-4B82-9460-F3EDE8C515F8}.Debug|Any CPU.ActiveCfg = Debug|Any CPU
		{65229843-D060-4B82-9460-F3EDE8C515F8}.Debug|Any CPU.Build.0 = Debug|Any CPU
		{65229843-D060-4B82-9460-F3EDE8C515F8}.Release|Any CPU.ActiveCfg = Release|Any CPU
		{65229843-D060-4B82-9460-F3EDE8C515F8}.Release|Any CPU.Build.0 = Release|Any CPU
		{1BC93655-6D39-4E35-9C83-4A2346C266F0}.Debug|Any CPU.ActiveCfg = Debug|Any CPU
		{1BC93655-6D39-4E35-9C83-4A2346C266F0}.Debug|Any CPU.Build.0 = Debug|Any CPU
		{1BC93655-6D39-4E35-9C83-4A2346C266F0}.Release|Any CPU.ActiveCfg = Release|Any CPU
		{1BC93655-6D39-4E35-9C83-4A2346C266F0}.Release|Any CPU.Build.0 = Release|Any CPU
		{3C018A46-96AB-4C0A-A337-2A64E34F0CC9}.Debug|Any CPU.ActiveCfg = Debug|Any CPU
		{3C018A46-96AB-4C0A-A337-2A64E34F0CC9}.Debug|Any CPU.Build.0 = Debug|Any CPU
		{3C018A46-96AB-4C0A-A337-2A64E34F0CC9}.Release|Any CPU.ActiveCfg = Release|Any CPU
		{3C018A46-96AB-4C0A-A337-2A64E34F0CC9}.Release|Any CPU.Build.0 = Release|Any CPU
		{22222D0A-D4ED-4B0A-9F28-00E8A1012B9C}.Debug|Any CPU.ActiveCfg = Debug|Any CPU
		{22222D0A-D4ED-4B0A-9F28-00E8A1012B9C}.Debug|Any CPU.Build.0 = Debug|Any CPU
		{22222D0A-D4ED-4B0A-9F28-00E8A1012B9C}.Release|Any CPU.ActiveCfg = Release|Any CPU
		{22222D0A-D4ED-4B0A-9F28-00E8A1012B9C}.Release|Any CPU.Build.0 = Release|Any CPU
	EndGlobalSection
	GlobalSection(SolutionProperties) = preSolution
		HideSolutionNode = FALSE
	EndGlobalSection
	GlobalSection(NestedProjects) = preSolution
		{22222D0A-D4ED-4B0A-9F28-00E8A1012B9C} = {A073B6A2-D602-403F-B149-2F9FE3F92E91}
	EndGlobalSection
	GlobalSection(ExtensibilityGlobals) = postSolution
		SolutionGuid = {9FA721E4-3529-4EE4-B6A1-7D717D0BABCA}
	EndGlobalSection
EndGlobal
